
Microsoft Visual Studio Solution File, Format Version 12.00
# Visual Studio Version 17
VisualStudioVersion = 17.14.36429.23 d17.14
MinimumVisualStudioVersion = 10.0.40219.1
Project("{FAE04EC0-301F-11D3-BF4B-00C04F79EFBC}") = "6.10.26 3 UYGULAMA", "6.10.26 3 UYGULAMA\6.10.26 3 UYGULAMA.csproj", "{92C7538C-0320-4CFA-88B1-1B10E87A54FA}"
EndProject
Global
	GlobalSection(SolutionConfigurationPlatforms) = preSolution
		Debug|Any CPU = Debug|Any CPU
		Release|Any CPU = Release|Any CPU
	EndGlobalSection
	GlobalSection(ProjectConfigurationPlatforms) = postSolution
		{92C7538C-0320-4CFA-88B1-1B10E87A54FA}.Debug|Any CPU.ActiveCfg = Debug|Any CPU
		{92C7538C-0320-4CFA-88B1-1B10E87A54FA}.Debug|Any CPU.Build.0 = Debug|Any CPU
		{92C7538C-0320-4CFA-88B1-1B10E87A54FA}.Release|Any CPU.ActiveCfg = Release|Any CPU
		{92C7538C-0320-4CFA-88B1-1B10E87A54FA}.Release|Any CPU.Build.0 = Release|Any CPU
	EndGlobalSection
	GlobalSection(SolutionProperties) = preSolution
		HideSolutionNode = FALSE
	EndGlobalSection
	GlobalSection(ExtensibilityGlobals) = postSolution
		SolutionGuid = {3E8763FF-A353-4A76-A761-5A43FA3BC1CA}
	EndGlobalSection
EndGlobal
