
Microsoft Visual Studio Solution File, Format Version 12.00
# Visual Studio Version 17
VisualStudioVersion = 17.14.36429.23 d17.14
MinimumVisualStudioVersion = 10.0.40219.1
Project("{FAE04EC0-301F-11D3-BF4B-00C04F79EFBC}") = "05.10.26 1 uyg", "05.10.26 1 uyg\05.10.26 1 uyg.csproj", "{78E56944-668D-42EB-ADCE-BE52CE57AA6F}"
EndProject
Global
	GlobalSection(SolutionConfigurationPlatforms) = preSolution
		Debug|Any CPU = Debug|Any CPU
		Release|Any CPU = Release|Any CPU
	EndGlobalSection
	GlobalSection(ProjectConfigurationPlatforms) = postSolution
		{78E56944-668D-42EB-ADCE-BE52CE57AA6F}.Debug|Any CPU.ActiveCfg = Debug|Any CPU
		{78E56944-668D-42EB-ADCE-BE52CE57AA6F}.Debug|Any CPU.Build.0 = Debug|Any CPU
		{78E56944-668D-42EB-ADCE-BE52CE57AA6F}.Release|Any CPU.ActiveCfg = Release|Any CPU
		{78E56944-668D-42EB-ADCE-BE52CE57AA6F}.Release|Any CPU.Build.0 = Release|Any CPU
	EndGlobalSection
	GlobalSection(SolutionProperties) = preSolution
		HideSolutionNode = FALSE
	EndGlobalSection
	GlobalSection(ExtensibilityGlobals) = postSolution
		SolutionGuid = {36F7EB75-DCA4-4952-84D5-EADBE4BEB97A}
	EndGlobalSection
EndGlobal
