
Microsoft Visual Studio Solution File, Format Version 12.00
# Visual Studio Version 17
VisualStudioVersion = 17.14.36429.23 d17.14
MinimumVisualStudioVersion = 10.0.40219.1
Project("{FAE04EC0-301F-11D3-BF4B-00C04F79EFBC}") = "6.10.26 2 UYGULAMA", "6.10.26 2 UYGULAMA\6.10.26 2 UYGULAMA.csproj", "{BC70C380-B847-4298-99BC-D4CDF6BFD7F9}"
EndProject
Global
	GlobalSection(SolutionConfigurationPlatforms) = preSolution
		Debug|Any CPU = Debug|Any CPU
		Release|Any CPU = Release|Any CPU
	EndGlobalSection
	GlobalSection(ProjectConfigurationPlatforms) = postSolution
		{BC70C380-B847-4298-99BC-D4CDF6BFD7F9}.Debug|Any CPU.ActiveCfg = Debug|Any CPU
		{BC70C380-B847-4298-99BC-D4CDF6BFD7F9}.Debug|Any CPU.Build.0 = Debug|Any CPU
		{BC70C380-B847-4298-99BC-D4CDF6BFD7F9}.Release|Any CPU.ActiveCfg = Release|Any CPU
		{BC70C380-B847-4298-99BC-D4CDF6BFD7F9}.Release|Any CPU.Build.0 = Release|Any CPU
	EndGlobalSection
	GlobalSection(SolutionProperties) = preSolution
		HideSolutionNode = FALSE
	EndGlobalSection
	GlobalSection(ExtensibilityGlobals) = postSolution
		SolutionGuid = {D921546C-58CD-4651-97DA-3E4CD2B9009E}
	EndGlobalSection
EndGlobal
