
Microsoft Visual Studio Solution File, Format Version 12.00
# Visual Studio Version 17
VisualStudioVersion = 17.14.36429.23 d17.14
MinimumVisualStudioVersion = 10.0.40219.1
Project("{FAE04EC0-301F-11D3-BF4B-00C04F79EFBC}") = "6.10.26", "6.10.26\6.10.26.csproj", "{5735D6A3-3BED-434A-BBF8-16118B2A1494}"
EndProject
Global
	GlobalSection(SolutionConfigurationPlatforms) = preSolution
		Debug|Any CPU = Debug|Any CPU
		Release|Any CPU = Release|Any CPU
	EndGlobalSection
	GlobalSection(ProjectConfigurationPlatforms) = postSolution
		{5735D6A3-3BED-434A-BBF8-16118B2A1494}.Debug|Any CPU.ActiveCfg = Debug|Any CPU
		{5735D6A3-3BED-434A-BBF8-16118B2A1494}.Debug|Any CPU.Build.0 = Debug|Any CPU
		{5735D6A3-3BED-434A-BBF8-16118B2A1494}.Release|Any CPU.ActiveCfg = Release|Any CPU
		{5735D6A3-3BED-434A-BBF8-16118B2A1494}.Release|Any CPU.Build.0 = Release|Any CPU
	EndGlobalSection
	GlobalSection(SolutionProperties) = preSolution
		HideSolutionNode = FALSE
	EndGlobalSection
	GlobalSection(ExtensibilityGlobals) = postSolution
		SolutionGuid = {69A703E6-FC04-45E3-840D-B75CC908E655}
	EndGlobalSection
EndGlobal
